# This is a Gradle generated file for dependency locking.
# Manual edits can break the build and are not advised.
# This file is expected to be part of source control.
ch.qos.logback:logback-classic:1.2.11=compileClasspath,runtimeClasspath,testCompileClasspath,testRuntimeClasspath
ch.qos.logback:logback-core:1.2.11=compileClasspath,runtimeClasspath,testCompileClasspath,testRuntimeClasspath
com.damnhandy:handy-uri-templates:2.1.8=compileClasspath,runtimeClasspath,testCompileClasspath,testRuntimeClasspath
com.fasterxml.jackson.core:jackson-annotations:2.13.2=compileClasspath,runtimeClasspath,testCompileClasspath,testRuntimeClasspath
com.fasterxml.jackson.core:jackson-core:2.13.2=compileClasspath,runtimeClasspath,testCompileClasspath,testRuntimeClasspath
com.fasterxml.jackson.core:jackson-databind:2.13.2.2=compileClasspath,runtimeClasspath,testCompileClasspath,testRuntimeClasspath
com.fasterxml.jackson.dataformat:jackson-dataformat-csv:2.13.2=testRuntimeClasspath
com.fasterxml.jackson.dataformat:jackson-dataformat-yaml:2.13.2=testCompileClasspath,testRuntimeClasspath
com.fasterxml.jackson.datatype:jackson-datatype-jdk8:2.13.2=compileClasspath,runtimeClasspath,testCompileClasspath,testRuntimeClasspath
com.fasterxml.jackson.datatype:jackson-datatype-jsr310:2.13.2=compileClasspath,runtimeClasspath,testCompileClasspath,testRuntimeClasspath
com.fasterxml.jackson.module:jackson-module-parameter-names:2.13.2=compileClasspath,runtimeClasspath,testCompileClasspath,testRuntimeClasspath
com.fasterxml.jackson.module:jackson-module-scala_2.13:2.13.2=testRuntimeClasspath
com.fasterxml.jackson:jackson-bom:2.13.2=compileClasspath,runtimeClasspath
com.fasterxml.jackson:jackson-bom:2.13.2.20220328=testCompileClasspath,testRuntimeClasspath
com.fasterxml.woodstox:woodstox-core:6.2.7=compileClasspath,runtimeClasspath,testCompileClasspath,testRuntimeClasspath
com.fasterxml:classmate:1.5.1=compileClasspath,runtimeClasspath,testCompileClasspath,testRuntimeClasspath
com.github.ben-manes.caffeine:caffeine:3.0.6=compileClasspath,runtimeClasspath,testCompileClasspath,testRuntimeClasspath
com.github.everit-org.json-schema:org.everit.json.schema:1.12.2=compileClasspath,runtimeClasspath,testCompileClasspath,testRuntimeClasspath
com.github.jknack:handlebars-helpers:4.3.0=testCompileClasspath,testRuntimeClasspath
com.github.jknack:handlebars:4.3.0=testCompileClasspath,testRuntimeClasspath
com.github.luben:zstd-jni:1.5.0-2=runtimeClasspath,testRuntimeClasspath
com.github.navikt:brukernotifikasjon-schemas:v2.5.1=compileClasspath,runtimeClasspath,testCompileClasspath,testRuntimeClasspath
com.github.stephenc.jcip:jcip-annotations:1.0-1=compileClasspath,runtimeClasspath,testCompileClasspath,testRuntimeClasspath
com.github.tomakehurst:wiremock-jre8-standalone:2.27.1=testCompileClasspath,testRuntimeClasspath
com.github.tomakehurst:wiremock-jre8:2.33.2=testCompileClasspath,testRuntimeClasspath
com.google.code.findbugs:jsr305:3.0.2=compileClasspath,runtimeClasspath,testCompileClasspath,testRuntimeClasspath
com.google.code.gson:gson:2.9.0=compileClasspath,runtimeClasspath,testCompileClasspath,testRuntimeClasspath
com.google.errorprone:error_prone_annotations:2.11.0=compileClasspath,runtimeClasspath,testCompileClasspath,testRuntimeClasspath
com.google.guava:failureaccess:1.0.1=compileClasspath,runtimeClasspath,testCompileClasspath,testRuntimeClasspath
com.google.guava:guava:30.1-jre=compileClasspath,runtimeClasspath
com.google.guava:guava:31.1-jre=testCompileClasspath,testRuntimeClasspath
com.google.guava:listenablefuture:9999.0-empty-to-avoid-conflict-with-guava=compileClasspath,runtimeClasspath,testCompileClasspath,testRuntimeClasspath
com.google.j2objc:j2objc-annotations:1.3=compileClasspath,runtimeClasspath,testCompileClasspath,testRuntimeClasspath
com.google.re2j:re2j:1.3=compileClasspath,runtimeClasspath,testCompileClasspath,testRuntimeClasspath
com.googlecode.javaewah:JavaEWAH:1.1.6=testCompileClasspath,testRuntimeClasspath
com.h2database:h2:1.4.200=testCompileClasspath,testRuntimeClasspath
com.ibm.icu:icu4j:4.6=testCompileClasspath,testRuntimeClasspath
com.jayway.jsonpath:json-path:2.7.0=testCompileClasspath,testRuntimeClasspath
com.jcraft:jsch.agentproxy.core:0.0.9=testCompileClasspath,testRuntimeClasspath
com.jcraft:jsch.agentproxy.jsch:0.0.9=testCompileClasspath,testRuntimeClasspath
com.jcraft:jsch.agentproxy.sshagent:0.0.9=testCompileClasspath,testRuntimeClasspath
com.jcraft:jsch.agentproxy.usocket-jna:0.0.9=testCompileClasspath,testRuntimeClasspath
com.jcraft:jsch:0.1.55=testCompileClasspath,testRuntimeClasspath
com.jcraft:jzlib:1.1.1=testCompileClasspath,testRuntimeClasspath
com.mchange:c3p0:0.9.5.4=compileClasspath,runtimeClasspath,testCompileClasspath,testRuntimeClasspath
com.mchange:mchange-commons-java:0.2.15=compileClasspath,runtimeClasspath,testCompileClasspath,testRuntimeClasspath
com.nimbusds:content-type:2.2=compileClasspath,runtimeClasspath,testCompileClasspath,testRuntimeClasspath
com.nimbusds:lang-tag:1.6=compileClasspath,runtimeClasspath,testCompileClasspath,testRuntimeClasspath
com.nimbusds:nimbus-jose-jwt:9.21=compileClasspath,runtimeClasspath,testCompileClasspath,testRuntimeClasspath
com.nimbusds:oauth2-oidc-sdk:9.33=compileClasspath,runtimeClasspath,testCompileClasspath,testRuntimeClasspath
com.oracle.database.jdbc:ojdbc11:21.3.0.0=compileClasspath,runtimeClasspath,testCompileClasspath,testRuntimeClasspath
com.papertrailapp:logback-syslog4j:1.0.0=compileClasspath,runtimeClasspath,testCompileClasspath,testRuntimeClasspath
com.rackspace.eclipse.webtools.sourceediting:org.eclipse.wst.xml.xpath2.processor:2.1.100=testCompileClasspath,testRuntimeClasspath
com.sangupta:murmur:1.0.0=compileClasspath,runtimeClasspath,testCompileClasspath,testRuntimeClasspath
com.squareup.okhttp3:okhttp:4.9.3=compileClasspath,runtimeClasspath,testCompileClasspath,testRuntimeClasspath
com.squareup.okio:okio:2.8.0=compileClasspath,runtimeClasspath,testCompileClasspath,testRuntimeClasspath
com.sun.activation:jakarta.activation:1.2.2=runtimeClasspath,testRuntimeClasspath
com.sun.istack:istack-commons-runtime:3.0.12=compileClasspath,runtimeClasspath,testCompileClasspath,testRuntimeClasspath
com.sun.xml.bind:jaxb-osgi:2.2.10=testCompileClasspath,testRuntimeClasspath
com.thoughtworks.paranamer:paranamer:2.8=testRuntimeClasspath
com.toomuchcoding.jsonassert:jsonassert:0.5.0=testCompileClasspath,testRuntimeClasspath
com.typesafe.scala-logging:scala-logging_2.13:3.9.3=testRuntimeClasspath
com.vaadin.external.google:android-json:0.0.20131108.vaadin1=testCompileClasspath,testRuntimeClasspath
com.yammer.metrics:metrics-core:2.2.0=testRuntimeClasspath
com.zaxxer:HikariCP-java7:2.4.13=compileClasspath,runtimeClasspath,testCompileClasspath,testRuntimeClasspath
com.zaxxer:HikariCP:4.0.3=compileClasspath,runtimeClasspath,testCompileClasspath,testRuntimeClasspath
commons-beanutils:commons-beanutils:1.9.4=testCompileClasspath,testRuntimeClasspath
commons-cli:commons-cli:1.4=testRuntimeClasspath
commons-codec:commons-codec:1.15=compileClasspath,runtimeClasspath,testCompileClasspath,testRuntimeClasspath
commons-collections:commons-collections:3.2.2=compileClasspath,runtimeClasspath,testCompileClasspath,testRuntimeClasspath
commons-digester:commons-digester:1.8.1=compileClasspath,runtimeClasspath,testCompileClasspath,testRuntimeClasspath
commons-fileupload:commons-fileupload:1.4=testCompileClasspath,testRuntimeClasspath
commons-io:commons-io:2.11.0=testCompileClasspath,testRuntimeClasspath
commons-lang:commons-lang:2.4=compileClasspath,runtimeClasspath,testCompileClasspath,testRuntimeClasspath
commons-logging:commons-logging:1.2=testCompileClasspath,testRuntimeClasspath
commons-validator:commons-validator:1.6=compileClasspath,runtimeClasspath,testCompileClasspath,testRuntimeClasspath
dk.brics.automaton:automaton:1.11-8=testCompileClasspath,testRuntimeClasspath
edu.princeton.cup:java-cup:10k=testCompileClasspath,testRuntimeClasspath
io.confluent:common-utils:6.1.1=compileClasspath,runtimeClasspath,testCompileClasspath,testRuntimeClasspath
io.confluent:kafka-avro-serializer:6.1.1=compileClasspath,runtimeClasspath,testCompileClasspath,testRuntimeClasspath
io.confluent:kafka-schema-registry-client:6.1.1=compileClasspath,runtimeClasspath,testCompileClasspath,testRuntimeClasspath
io.confluent:kafka-schema-serializer:6.1.1=compileClasspath,runtimeClasspath,testCompileClasspath,testRuntimeClasspath
io.dropwizard.metrics:metrics-core:3.1.5=compileClasspath,runtimeClasspath,testCompileClasspath
io.dropwizard.metrics:metrics-core:4.1.12.1=testRuntimeClasspath
io.micrometer:micrometer-core:1.8.4=compileClasspath,runtimeClasspath,testCompileClasspath,testRuntimeClasspath
io.micrometer:micrometer-registry-prometheus:1.8.4=compileClasspath,runtimeClasspath,testCompileClasspath,testRuntimeClasspath
io.netty:netty-buffer:4.1.63.Final=testCompileClasspath,testRuntimeClasspath
io.netty:netty-codec:4.1.63.Final=testCompileClasspath,testRuntimeClasspath
io.netty:netty-common:4.1.63.Final=testCompileClasspath,testRuntimeClasspath
io.netty:netty-handler:4.1.63.Final=testCompileClasspath,testRuntimeClasspath
io.netty:netty-resolver:4.1.63.Final=testCompileClasspath,testRuntimeClasspath
io.netty:netty-transport-native-epoll:4.1.63.Final=testCompileClasspath,testRuntimeClasspath
io.netty:netty-transport-native-unix-common:4.1.63.Final=testCompileClasspath,testRuntimeClasspath
io.netty:netty-transport:4.1.63.Final=testCompileClasspath,testRuntimeClasspath
io.projectreactor:reactor-core:3.3.3.RELEASE=testCompileClasspath,testRuntimeClasspath
io.prometheus:simpleclient:0.12.0=compileClasspath,runtimeClasspath,testCompileClasspath,testRuntimeClasspath
io.prometheus:simpleclient_common:0.12.0=compileClasspath,runtimeClasspath,testCompileClasspath,testRuntimeClasspath
io.prometheus:simpleclient_logback:0.12.0=runtimeClasspath,testRuntimeClasspath
io.prometheus:simpleclient_tracer_common:0.12.0=compileClasspath,runtimeClasspath,testCompileClasspath,testRuntimeClasspath
io.prometheus:simpleclient_tracer_otel:0.12.0=compileClasspath,runtimeClasspath,testCompileClasspath,testRuntimeClasspath
io.prometheus:simpleclient_tracer_otel_agent:0.12.0=compileClasspath,runtimeClasspath,testCompileClasspath,testRuntimeClasspath
io.rest-assured:json-path:3.3.0=testCompileClasspath,testRuntimeClasspath
io.rest-assured:rest-assured-common:3.3.0=testCompileClasspath,testRuntimeClasspath
io.rest-assured:rest-assured:3.3.0=testCompileClasspath,testRuntimeClasspath
io.rest-assured:xml-path:3.3.0=testCompileClasspath,testRuntimeClasspath
io.springfox:springfox-core:2.9.2=compileClasspath,runtimeClasspath,testCompileClasspath,testRuntimeClasspath
io.springfox:springfox-schema:2.9.2=compileClasspath,runtimeClasspath,testCompileClasspath,testRuntimeClasspath
io.springfox:springfox-spi:2.9.2=compileClasspath,runtimeClasspath,testCompileClasspath,testRuntimeClasspath
io.springfox:springfox-spring-web:2.9.2=compileClasspath,runtimeClasspath,testCompileClasspath,testRuntimeClasspath
io.springfox:springfox-swagger-common:2.9.2=compileClasspath,runtimeClasspath,testCompileClasspath,testRuntimeClasspath
io.springfox:springfox-swagger-ui:2.9.2=compileClasspath,runtimeClasspath,testCompileClasspath,testRuntimeClasspath
io.springfox:springfox-swagger2:2.9.2=compileClasspath,runtimeClasspath,testCompileClasspath,testRuntimeClasspath
io.swagger:swagger-annotations:1.6.2=compileClasspath,runtimeClasspath,testCompileClasspath,testRuntimeClasspath
io.swagger:swagger-models:1.5.20=compileClasspath,runtimeClasspath,testCompileClasspath,testRuntimeClasspath
jakarta.activation:jakarta.activation-api:1.2.2=compileClasspath,runtimeClasspath,testCompileClasspath,testRuntimeClasspath
jakarta.annotation:jakarta.annotation-api:1.3.5=compileClasspath,runtimeClasspath,testCompileClasspath,testRuntimeClasspath
jakarta.validation:jakarta.validation-api:2.0.2=compileClasspath,runtimeClasspath,testCompileClasspath,testRuntimeClasspath
jakarta.ws.rs:jakarta.ws.rs-api:2.1.6=compileClasspath,runtimeClasspath,testCompileClasspath,testRuntimeClasspath
jakarta.xml.bind:jakarta.xml.bind-api:2.3.3=compileClasspath,runtimeClasspath,testCompileClasspath,testRuntimeClasspath
javax.activation:activation:1.1.1=testCompileClasspath,testRuntimeClasspath
javax.inject:javax.inject:1=testCompileClasspath,testRuntimeClasspath
javax.servlet:javax.servlet-api:3.1.0=compileClasspath,runtimeClasspath,testCompileClasspath,testRuntimeClasspath
javax.ws.rs:javax.ws.rs-api:2.1.1=compileClasspath,runtimeClasspath,testCompileClasspath,testRuntimeClasspath
javax.xml.bind:jaxb-api:2.2.12=testCompileClasspath,testRuntimeClasspath
joda-time:joda-time:2.10.10=compileClasspath,runtimeClasspath,testCompileClasspath,testRuntimeClasspath
junit:junit:4.13.2=testCompileClasspath,testRuntimeClasspath
net.bytebuddy:byte-buddy-agent:1.11.19=testCompileClasspath,testRuntimeClasspath
net.bytebuddy:byte-buddy:1.11.19=testCompileClasspath,testRuntimeClasspath
net.bytebuddy:byte-buddy:1.8.12=compileClasspath,runtimeClasspath
net.java.dev.jna:jna-platform:4.1.0=testCompileClasspath,testRuntimeClasspath
net.java.dev.jna:jna:4.1.0=testCompileClasspath,testRuntimeClasspath
net.javacrumbs.json-unit:json-unit-assertj:2.19.0=testCompileClasspath,testRuntimeClasspath
net.javacrumbs.json-unit:json-unit-core:2.33.0=testCompileClasspath,testRuntimeClasspath
net.javacrumbs.json-unit:json-unit-json-path:2.19.0=testCompileClasspath,testRuntimeClasspath
net.javacrumbs.shedlock:shedlock-core:4.34.0=compileClasspath,runtimeClasspath,testCompileClasspath,testRuntimeClasspath
net.javacrumbs.shedlock:shedlock-provider-jdbc-template:4.21.0=compileClasspath,runtimeClasspath,testCompileClasspath,testRuntimeClasspath
net.javacrumbs.shedlock:shedlock-spring:4.21.0=compileClasspath,runtimeClasspath,testCompileClasspath,testRuntimeClasspath
net.logstash.logback:logstash-logback-encoder:7.1=compileClasspath,runtimeClasspath,testCompileClasspath,testRuntimeClasspath
net.minidev:accessors-smart:2.4.7=testCompileClasspath
net.minidev:accessors-smart:2.4.8=compileClasspath,runtimeClasspath,testRuntimeClasspath
net.minidev:json-smart:2.4.7=testCompileClasspath
net.minidev:json-smart:2.4.8=compileClasspath,runtimeClasspath,testRuntimeClasspath
net.sf.jopt-simple:jopt-simple:5.0.4=testCompileClasspath,testRuntimeClasspath
net.shibboleth.utilities:java-support:7.5.2=compileClasspath,runtimeClasspath,testCompileClasspath,testRuntimeClasspath
net.sourceforge.argparse4j:argparse4j:0.7.0=testRuntimeClasspath
net.sourceforge.collections:collections-generic:4.01=compileClasspath,runtimeClasspath,testCompileClasspath,testRuntimeClasspath
no.finn.unleash:unleash-client-java:4.4.1=compileClasspath,runtimeClasspath,testCompileClasspath,testRuntimeClasspath
no.nav.common:abac:2.2022.05.05_06.41-84855089824b=compileClasspath,runtimeClasspath,testCompileClasspath,testRuntimeClasspath
no.nav.common:auth:2.2022.05.05_06.41-84855089824b=compileClasspath,runtimeClasspath,testCompileClasspath,testRuntimeClasspath
no.nav.common:client:2.2022.05.05_06.41-84855089824b=compileClasspath,runtimeClasspath,testCompileClasspath,testRuntimeClasspath
no.nav.common:cxf:2.2022.05.05_06.41-84855089824b=compileClasspath,runtimeClasspath,testCompileClasspath,testRuntimeClasspath
no.nav.common:feature-toggle:2.2022.05.05_06.41-84855089824b=compileClasspath,runtimeClasspath,testCompileClasspath,testRuntimeClasspath
no.nav.common:health:2.2022.05.05_06.41-84855089824b=compileClasspath,runtimeClasspath,testCompileClasspath,testRuntimeClasspath
no.nav.common:job:2.2022.05.05_06.41-84855089824b=compileClasspath,runtimeClasspath,testCompileClasspath,testRuntimeClasspath
no.nav.common:json:2.2022.05.05_06.41-84855089824b=compileClasspath,runtimeClasspath,testCompileClasspath,testRuntimeClasspath
no.nav.common:kafka:2.2022.05.05_06.41-84855089824b=compileClasspath,runtimeClasspath,testCompileClasspath,testRuntimeClasspath
no.nav.common:log:2.2022.05.05_06.41-84855089824b=compileClasspath,runtimeClasspath,testCompileClasspath,testRuntimeClasspath
no.nav.common:metrics:2.2022.05.05_06.41-84855089824b=compileClasspath,runtimeClasspath,testCompileClasspath,testRuntimeClasspath
no.nav.common:rest:2.2022.05.05_06.41-84855089824b=compileClasspath,runtimeClasspath,testCompileClasspath,testRuntimeClasspath
no.nav.common:sts:2.2022.05.05_06.41-84855089824b=compileClasspath,runtimeClasspath,testCompileClasspath,testRuntimeClasspath
no.nav.common:test:2.2022.05.05_06.41-84855089824b=testCompileClasspath,testRuntimeClasspath
no.nav.common:token-client:2.2022.05.05_06.41-84855089824b=compileClasspath,runtimeClasspath,testCompileClasspath,testRuntimeClasspath
no.nav.common:types:2.2022.05.05_06.41-84855089824b=compileClasspath,runtimeClasspath,testCompileClasspath,testRuntimeClasspath
no.nav.common:util:2.2022.05.05_06.41-84855089824b=compileClasspath,runtimeClasspath,testCompileClasspath,testRuntimeClasspath
org.apache.avro:avro:1.11.0=compileClasspath,runtimeClasspath,testCompileClasspath,testRuntimeClasspath
org.apache.commons:commons-compress:1.21=compileClasspath,runtimeClasspath,testCompileClasspath,testRuntimeClasspath
org.apache.commons:commons-lang3:3.12.0=compileClasspath,runtimeClasspath,testCompileClasspath,testRuntimeClasspath
org.apache.commons:commons-text:1.9=testCompileClasspath,testRuntimeClasspath
org.apache.cxf:cxf-core:3.5.2=compileClasspath,runtimeClasspath,testCompileClasspath,testRuntimeClasspath
org.apache.cxf:cxf-rt-bindings-soap:3.5.2=compileClasspath,runtimeClasspath,testCompileClasspath,testRuntimeClasspath
org.apache.cxf:cxf-rt-bindings-xml:3.5.2=compileClasspath,runtimeClasspath,testCompileClasspath,testRuntimeClasspath
org.apache.cxf:cxf-rt-databinding-jaxb:3.5.2=compileClasspath,runtimeClasspath,testCompileClasspath,testRuntimeClasspath
org.apache.cxf:cxf-rt-frontend-jaxws:3.5.2=compileClasspath,runtimeClasspath,testCompileClasspath,testRuntimeClasspath
org.apache.cxf:cxf-rt-frontend-simple:3.5.2=compileClasspath,runtimeClasspath,testCompileClasspath,testRuntimeClasspath
org.apache.cxf:cxf-rt-security-saml:3.5.2=compileClasspath,runtimeClasspath,testCompileClasspath,testRuntimeClasspath
org.apache.cxf:cxf-rt-security:3.5.2=compileClasspath,runtimeClasspath,testCompileClasspath,testRuntimeClasspath
org.apache.cxf:cxf-rt-transports-http:3.5.2=compileClasspath,runtimeClasspath,testCompileClasspath,testRuntimeClasspath
org.apache.cxf:cxf-rt-ws-addr:3.5.2=compileClasspath,runtimeClasspath,testCompileClasspath,testRuntimeClasspath
org.apache.cxf:cxf-rt-ws-policy:3.5.2=compileClasspath,runtimeClasspath,testCompileClasspath,testRuntimeClasspath
org.apache.cxf:cxf-rt-ws-security:3.5.2=compileClasspath,runtimeClasspath,testCompileClasspath,testRuntimeClasspath
org.apache.cxf:cxf-rt-wsdl:3.5.2=compileClasspath,runtimeClasspath,testCompileClasspath,testRuntimeClasspath
org.apache.geronimo.javamail:geronimo-javamail_1.4_mail:1.8.4=compileClasspath,runtimeClasspath,testCompileClasspath,testRuntimeClasspath
org.apache.httpcomponents.client5:httpclient5:5.1.3=testCompileClasspath,testRuntimeClasspath
org.apache.httpcomponents.core5:httpcore5-h2:5.1.3=testCompileClasspath,testRuntimeClasspath
org.apache.httpcomponents.core5:httpcore5:5.1.3=testCompileClasspath,testRuntimeClasspath
org.apache.httpcomponents:httpclient:4.5.13=compileClasspath,runtimeClasspath,testCompileClasspath,testRuntimeClasspath
org.apache.httpcomponents:httpcore:4.4.13=compileClasspath,runtimeClasspath,testCompileClasspath,testRuntimeClasspath
org.apache.httpcomponents:httpmime:4.5.3=testCompileClasspath,testRuntimeClasspath
org.apache.kafka:kafka-clients:3.0.1=compileClasspath,runtimeClasspath,testCompileClasspath,testRuntimeClasspath
org.apache.kafka:kafka-metadata:3.0.1=testCompileClasspath,testRuntimeClasspath
org.apache.kafka:kafka-raft:3.0.1=testRuntimeClasspath
org.apache.kafka:kafka-server-common:3.0.1=testRuntimeClasspath
org.apache.kafka:kafka-storage-api:3.0.1=testRuntimeClasspath
org.apache.kafka:kafka-storage:3.0.1=testRuntimeClasspath
org.apache.kafka:kafka-streams-test-utils:3.0.1=testCompileClasspath,testRuntimeClasspath
org.apache.kafka:kafka-streams:3.0.1=testCompileClasspath,testRuntimeClasspath
org.apache.kafka:kafka_2.13:3.0.1=testCompileClasspath,testRuntimeClasspath
org.apache.logging.log4j:log4j-api:2.17.2=compileClasspath,runtimeClasspath,testCompileClasspath,testRuntimeClasspath
org.apache.logging.log4j:log4j-to-slf4j:2.17.2=compileClasspath,runtimeClasspath,testCompileClasspath,testRuntimeClasspath
org.apache.maven.resolver:maven-resolver-api:1.4.1=testCompileClasspath,testRuntimeClasspath
org.apache.neethi:neethi:3.2.0=compileClasspath,runtimeClasspath,testCompileClasspath,testRuntimeClasspath
org.apache.santuario:xmlsec:2.3.0=compileClasspath,runtimeClasspath,testCompileClasspath,testRuntimeClasspath
org.apache.sling:org.apache.sling.javax.activation:0.1.0=testCompileClasspath,testRuntimeClasspath
org.apache.tomcat.embed:tomcat-embed-core:9.0.60=compileClasspath,runtimeClasspath,testCompileClasspath,testRuntimeClasspath
org.apache.tomcat.embed:tomcat-embed-el:9.0.60=compileClasspath,runtimeClasspath,testCompileClasspath,testRuntimeClasspath
org.apache.tomcat.embed:tomcat-embed-websocket:9.0.60=compileClasspath,runtimeClasspath,testCompileClasspath,testRuntimeClasspath
org.apache.velocity:velocity:1.7=compileClasspath,runtimeClasspath,testCompileClasspath,testRuntimeClasspath
org.apache.ws.xmlschema:xmlschema-core:2.3.0=compileClasspath,runtimeClasspath,testCompileClasspath,testRuntimeClasspath
org.apache.wss4j:wss4j-bindings:2.4.1=compileClasspath,runtimeClasspath,testCompileClasspath,testRuntimeClasspath
org.apache.wss4j:wss4j-policy:2.4.1=compileClasspath,runtimeClasspath,testCompileClasspath,testRuntimeClasspath
org.apache.wss4j:wss4j-ws-security-common:2.4.1=compileClasspath,runtimeClasspath,testCompileClasspath,testRuntimeClasspath
org.apache.wss4j:wss4j-ws-security-dom:2.4.1=compileClasspath,runtimeClasspath,testCompileClasspath,testRuntimeClasspath
org.apache.wss4j:wss4j-ws-security-policy-stax:2.4.1=compileClasspath,runtimeClasspath,testCompileClasspath,testRuntimeClasspath
org.apache.wss4j:wss4j-ws-security-stax:2.4.1=compileClasspath,runtimeClasspath,testCompileClasspath,testRuntimeClasspath
org.apache.yetus:audience-annotations:0.5.0=testCompileClasspath,testRuntimeClasspath
org.apache.zookeeper:zookeeper-jute:3.6.3=testCompileClasspath,testRuntimeClasspath
org.apache.zookeeper:zookeeper:3.6.3=testCompileClasspath,testRuntimeClasspath
org.apiguardian:apiguardian-api:1.1.2=testCompileClasspath
org.aspectj:aspectjweaver:1.9.7=compileClasspath,runtimeClasspath,testCompileClasspath,testRuntimeClasspath
org.assertj:assertj-core:3.21.0=testCompileClasspath,testRuntimeClasspath
org.awaitility:awaitility:4.1.0=testCompileClasspath,testRuntimeClasspath
org.bouncycastle:bcpg-jdk15on:1.61=testCompileClasspath,testRuntimeClasspath
org.bouncycastle:bcpkix-jdk15on:1.61=testCompileClasspath,testRuntimeClasspath
org.bouncycastle:bcprov-jdk15on:1.64=compileClasspath,runtimeClasspath,testCompileClasspath,testRuntimeClasspath
org.ccil.cowan.tagsoup:tagsoup:1.2.1=testCompileClasspath,testRuntimeClasspath
org.checkerframework:checker-qual:3.21.3=compileClasspath,runtimeClasspath,testCompileClasspath,testRuntimeClasspath
org.codehaus.groovy:groovy-json:2.5.14=testCompileClasspath,testRuntimeClasspath
org.codehaus.groovy:groovy-nio:2.5.14=testCompileClasspath,testRuntimeClasspath
org.codehaus.groovy:groovy-xml:2.5.14=testCompileClasspath,testRuntimeClasspath
org.codehaus.groovy:groovy:2.5.14=testCompileClasspath,testRuntimeClasspath
org.codehaus.janino:commons-compiler:3.1.6=runtimeClasspath,testRuntimeClasspath
org.codehaus.janino:janino:3.1.6=runtimeClasspath,testRuntimeClasspath
org.codehaus.woodstox:stax2-api:4.2.1=compileClasspath,runtimeClasspath,testCompileClasspath,testRuntimeClasspath
org.cryptacular:cryptacular:1.2.4=compileClasspath,runtimeClasspath,testCompileClasspath,testRuntimeClasspath
org.eclipse.jdt.core.compiler:ecj:4.4.2=testCompileClasspath,testRuntimeClasspath
org.eclipse.jetty.http2:http2-common:9.4.46.v20220331=testCompileClasspath,testRuntimeClasspath
org.eclipse.jetty.http2:http2-hpack:9.4.46.v20220331=testCompileClasspath,testRuntimeClasspath
org.eclipse.jetty.http2:http2-server:9.4.46.v20220331=testCompileClasspath,testRuntimeClasspath
org.eclipse.jetty:jetty-alpn-client:9.4.46.v20220331=testCompileClasspath,testRuntimeClasspath
org.eclipse.jetty:jetty-alpn-java-client:9.4.46.v20220331=testCompileClasspath,testRuntimeClasspath
org.eclipse.jetty:jetty-alpn-java-server:9.4.46.v20220331=testCompileClasspath,testRuntimeClasspath
org.eclipse.jetty:jetty-alpn-openjdk8-client:9.4.46.v20220331=testCompileClasspath,testRuntimeClasspath
org.eclipse.jetty:jetty-alpn-openjdk8-server:9.4.46.v20220331=testCompileClasspath,testRuntimeClasspath
org.eclipse.jetty:jetty-alpn-server:9.4.46.v20220331=testCompileClasspath,testRuntimeClasspath
org.eclipse.jetty:jetty-bom:9.4.46.v20220331=testCompileClasspath,testRuntimeClasspath
org.eclipse.jetty:jetty-client:9.4.46.v20220331=testCompileClasspath,testRuntimeClasspath
org.eclipse.jetty:jetty-continuation:9.4.46.v20220331=testCompileClasspath,testRuntimeClasspath
org.eclipse.jetty:jetty-http:9.4.46.v20220331=testCompileClasspath,testRuntimeClasspath
org.eclipse.jetty:jetty-io:9.4.46.v20220331=testCompileClasspath,testRuntimeClasspath
org.eclipse.jetty:jetty-proxy:9.4.46.v20220331=testCompileClasspath,testRuntimeClasspath
org.eclipse.jetty:jetty-security:9.4.46.v20220331=testCompileClasspath,testRuntimeClasspath
org.eclipse.jetty:jetty-server:9.4.46.v20220331=testCompileClasspath,testRuntimeClasspath
org.eclipse.jetty:jetty-servlet:9.4.46.v20220331=testCompileClasspath,testRuntimeClasspath
org.eclipse.jetty:jetty-servlets:9.4.46.v20220331=testCompileClasspath,testRuntimeClasspath
org.eclipse.jetty:jetty-util-ajax:9.4.46.v20220331=testCompileClasspath,testRuntimeClasspath
org.eclipse.jetty:jetty-util:9.4.46.v20220331=testCompileClasspath,testRuntimeClasspath
org.eclipse.jetty:jetty-webapp:9.4.46.v20220331=testCompileClasspath,testRuntimeClasspath
org.eclipse.jetty:jetty-xml:9.4.46.v20220331=testCompileClasspath,testRuntimeClasspath
org.eclipse.jgit:org.eclipse.jgit:5.5.1.201910021850-r=testCompileClasspath,testRuntimeClasspath
org.ehcache:ehcache:3.9.3=compileClasspath,testCompileClasspath
org.ehcache:ehcache:3.9.6=runtimeClasspath,testRuntimeClasspath
org.flywaydb:flyway-core:8.4.2=compileClasspath,runtimeClasspath,testCompileClasspath,testRuntimeClasspath
org.glassfish.hk2.external:jakarta.inject:2.6.1=compileClasspath,runtimeClasspath,testCompileClasspath,testRuntimeClasspath
org.glassfish.hk2:osgi-resource-locator:1.0.3=compileClasspath,runtimeClasspath,testCompileClasspath,testRuntimeClasspath
org.glassfish.jaxb:jaxb-runtime:2.3.5=compileClasspath,runtimeClasspath,testCompileClasspath,testRuntimeClasspath
org.glassfish.jaxb:txw2:2.3.5=compileClasspath,runtimeClasspath,testCompileClasspath,testRuntimeClasspath
org.glassfish.jersey.core:jersey-common:2.31=compileClasspath,runtimeClasspath,testCompileClasspath,testRuntimeClasspath
org.hamcrest:hamcrest-core:2.2=testCompileClasspath,testRuntimeClasspath
org.hamcrest:hamcrest-library:1.3=testCompileClasspath,testRuntimeClasspath
org.hamcrest:hamcrest:2.2=testCompileClasspath,testRuntimeClasspath
org.hdrhistogram:HdrHistogram:2.1.12=compileClasspath,runtimeClasspath,testCompileClasspath,testRuntimeClasspath
org.hibernate.validator:hibernate-validator:6.2.3.Final=compileClasspath,runtimeClasspath,testCompileClasspath,testRuntimeClasspath
org.jacoco:org.jacoco.agent:0.8.7=jacocoAgent,jacocoAnt
org.jacoco:org.jacoco.ant:0.8.7=jacocoAnt
org.jacoco:org.jacoco.core:0.8.7=jacocoAnt
org.jacoco:org.jacoco.report:0.8.7=jacocoAnt
org.jasypt:jasypt:1.9.3=compileClasspath,runtimeClasspath,testCompileClasspath,testRuntimeClasspath
org.jboss.logging:jboss-logging:3.4.1.Final=compileClasspath,runtimeClasspath,testCompileClasspath,testRuntimeClasspath
org.jetbrains.kotlin:kotlin-stdlib-common:1.4.10=compileClasspath,runtimeClasspath,testCompileClasspath,testRuntimeClasspath
org.jetbrains.kotlin:kotlin-stdlib:1.4.10=compileClasspath,runtimeClasspath,testCompileClasspath,testRuntimeClasspath
org.jetbrains:annotations:13.0=compileClasspath,runtimeClasspath,testCompileClasspath,testRuntimeClasspath
org.json:json:20211205=compileClasspath,runtimeClasspath,testCompileClasspath,testRuntimeClasspath
org.jsoup:jsoup:1.14.3=compileClasspath,runtimeClasspath,testCompileClasspath,testRuntimeClasspath
org.junit.jupiter:junit-jupiter-api:5.8.2=testCompileClasspath,testRuntimeClasspath
org.junit.jupiter:junit-jupiter-engine:5.8.2=testRuntimeClasspath
org.junit.jupiter:junit-jupiter-params:5.8.2=testCompileClasspath,testRuntimeClasspath
org.junit.jupiter:junit-jupiter:5.8.2=testCompileClasspath,testRuntimeClasspath
org.junit.platform:junit-platform-commons:1.8.2=testCompileClasspath,testRuntimeClasspath
org.junit.platform:junit-platform-engine:1.8.2=testCompileClasspath,testRuntimeClasspath
org.junit.vintage:junit-vintage-engine:5.8.2=testCompileClasspath,testRuntimeClasspath
org.junit:junit-bom:5.8.2=testCompileClasspath,testRuntimeClasspath
org.latencyutils:LatencyUtils:2.0.3=runtimeClasspath,testRuntimeClasspath
org.lz4:lz4-java:1.7.1=runtimeClasspath,testRuntimeClasspath
org.mapstruct:mapstruct:1.2.0.Final=compileClasspath,runtimeClasspath,testCompileClasspath,testRuntimeClasspath
org.mockito:mockito-core:4.0.0=testCompileClasspath,testRuntimeClasspath
org.mockito:mockito-junit-jupiter:4.0.0=testCompileClasspath,testRuntimeClasspath
org.objenesis:objenesis:3.2=testRuntimeClasspath
org.opensaml:opensaml-core:3.4.6=compileClasspath,runtimeClasspath,testCompileClasspath,testRuntimeClasspath
org.opensaml:opensaml-messaging-api:3.4.6=compileClasspath,runtimeClasspath,testCompileClasspath,testRuntimeClasspath
org.opensaml:opensaml-profile-api:3.4.6=compileClasspath,runtimeClasspath,testCompileClasspath,testRuntimeClasspath
org.opensaml:opensaml-saml-api:3.4.6=compileClasspath,runtimeClasspath,testCompileClasspath,testRuntimeClasspath
org.opensaml:opensaml-saml-impl:3.4.6=compileClasspath,runtimeClasspath,testCompileClasspath,testRuntimeClasspath
org.opensaml:opensaml-security-api:3.4.6=compileClasspath,runtimeClasspath,testCompileClasspath,testRuntimeClasspath
org.opensaml:opensaml-security-impl:3.4.6=compileClasspath,runtimeClasspath,testCompileClasspath,testRuntimeClasspath
org.opensaml:opensaml-soap-api:3.4.6=compileClasspath,runtimeClasspath,testCompileClasspath,testRuntimeClasspath
org.opensaml:opensaml-soap-impl:3.4.6=compileClasspath,runtimeClasspath,testCompileClasspath,testRuntimeClasspath
org.opensaml:opensaml-storage-api:3.4.6=compileClasspath,runtimeClasspath,testCompileClasspath,testRuntimeClasspath
org.opensaml:opensaml-xacml-api:3.4.6=compileClasspath,runtimeClasspath,testCompileClasspath,testRuntimeClasspath
org.opensaml:opensaml-xacml-impl:3.4.6=compileClasspath,runtimeClasspath,testCompileClasspath,testRuntimeClasspath
org.opensaml:opensaml-xacml-saml-api:3.4.6=compileClasspath,runtimeClasspath,testCompileClasspath,testRuntimeClasspath
org.opensaml:opensaml-xacml-saml-impl:3.4.6=compileClasspath,runtimeClasspath,testCompileClasspath,testRuntimeClasspath
org.opensaml:opensaml-xmlsec-api:3.4.6=compileClasspath,runtimeClasspath,testCompileClasspath,testRuntimeClasspath
org.opensaml:opensaml-xmlsec-impl:3.4.6=compileClasspath,runtimeClasspath,testCompileClasspath,testRuntimeClasspath
org.opentest4j:opentest4j:1.2.0=testCompileClasspath,testRuntimeClasspath
org.ow2.asm:asm-analysis:9.1=jacocoAnt
org.ow2.asm:asm-commons:9.1=jacocoAnt
org.ow2.asm:asm-tree:9.1=jacocoAnt
org.ow2.asm:asm:9.1=jacocoAnt
org.ow2.asm:asm:9.3=compileClasspath,runtimeClasspath,testCompileClasspath,testRuntimeClasspath
org.projectlombok:lombok:1.18.24=annotationProcessor,compileClasspath,testAnnotationProcessor,testCompileClasspath
org.quartz-scheduler:quartz:2.3.2=compileClasspath,runtimeClasspath,testCompileClasspath,testRuntimeClasspath
org.reactivestreams:reactive-streams:1.0.3=testCompileClasspath,testRuntimeClasspath
org.rocksdb:rocksdbjni:6.19.3=testCompileClasspath,testRuntimeClasspath
org.scala-lang.modules:scala-collection-compat_2.13:2.4.4=testRuntimeClasspath
org.scala-lang.modules:scala-java8-compat_2.13:1.0.0=testRuntimeClasspath
org.scala-lang:scala-library:2.13.6=testCompileClasspath,testRuntimeClasspath
org.scala-lang:scala-reflect:2.13.6=testRuntimeClasspath
org.skyscreamer:jsonassert:1.5.0=testCompileClasspath,testRuntimeClasspath
org.slf4j:jcl-over-slf4j:1.7.36=runtimeClasspath,testRuntimeClasspath
org.slf4j:jul-to-slf4j:1.7.36=compileClasspath,runtimeClasspath,testCompileClasspath,testRuntimeClasspath
org.slf4j:slf4j-api:1.7.36=compileClasspath,runtimeClasspath,testCompileClasspath,testRuntimeClasspath
org.springframework.boot:spring-boot-actuator-autoconfigure:2.6.6=compileClasspath,runtimeClasspath,testCompileClasspath,testRuntimeClasspath
org.springframework.boot:spring-boot-actuator:2.6.6=compileClasspath,runtimeClasspath,testCompileClasspath,testRuntimeClasspath
org.springframework.boot:spring-boot-autoconfigure:2.6.6=compileClasspath,runtimeClasspath,testCompileClasspath,testRuntimeClasspath
org.springframework.boot:spring-boot-configuration-processor:2.6.6=compileClasspath,runtimeClasspath,testCompileClasspath,testRuntimeClasspath
org.springframework.boot:spring-boot-devtools:2.6.6=runtimeClasspath,testRuntimeClasspath
org.springframework.boot:spring-boot-starter-actuator:2.6.6=compileClasspath,runtimeClasspath,testCompileClasspath,testRuntimeClasspath
org.springframework.boot:spring-boot-starter-aop:2.6.6=compileClasspath,runtimeClasspath,testCompileClasspath,testRuntimeClasspath
org.springframework.boot:spring-boot-starter-cache:2.6.6=compileClasspath,runtimeClasspath,testCompileClasspath,testRuntimeClasspath
org.springframework.boot:spring-boot-starter-data-jdbc:2.6.6=compileClasspath,runtimeClasspath,testCompileClasspath,testRuntimeClasspath
org.springframework.boot:spring-boot-starter-jdbc:2.6.6=compileClasspath,runtimeClasspath,testCompileClasspath,testRuntimeClasspath
org.springframework.boot:spring-boot-starter-json:2.6.6=compileClasspath,runtimeClasspath,testCompileClasspath,testRuntimeClasspath
org.springframework.boot:spring-boot-starter-logging:2.6.6=compileClasspath,runtimeClasspath,testCompileClasspath,testRuntimeClasspath
org.springframework.boot:spring-boot-starter-test:2.6.6=testCompileClasspath,testRuntimeClasspath
org.springframework.boot:spring-boot-starter-tomcat:2.6.6=compileClasspath,runtimeClasspath,testCompileClasspath,testRuntimeClasspath
org.springframework.boot:spring-boot-starter-validation:2.6.6=compileClasspath,runtimeClasspath,testCompileClasspath,testRuntimeClasspath
org.springframework.boot:spring-boot-starter-web:2.6.6=compileClasspath,runtimeClasspath,testCompileClasspath,testRuntimeClasspath
org.springframework.boot:spring-boot-starter:2.6.6=compileClasspath,runtimeClasspath,testCompileClasspath,testRuntimeClasspath
org.springframework.boot:spring-boot-test-autoconfigure:2.6.6=testCompileClasspath,testRuntimeClasspath
org.springframework.boot:spring-boot-test:2.6.6=testCompileClasspath,testRuntimeClasspath
org.springframework.boot:spring-boot:2.6.6=compileClasspath,runtimeClasspath,testCompileClasspath,testRuntimeClasspath
org.springframework.cloud:spring-cloud-contract-converters:3.0.1=testCompileClasspath,testRuntimeClasspath
org.springframework.cloud:spring-cloud-contract-shade:3.0.1=testCompileClasspath,testRuntimeClasspath
org.springframework.cloud:spring-cloud-contract-spec-groovy:3.0.1=testCompileClasspath,testRuntimeClasspath
org.springframework.cloud:spring-cloud-contract-spec-java:3.0.1=testCompileClasspath,testRuntimeClasspath
org.springframework.cloud:spring-cloud-contract-spec:3.0.1=testCompileClasspath,testRuntimeClasspath
org.springframework.cloud:spring-cloud-contract-stub-runner:3.0.1=testCompileClasspath,testRuntimeClasspath
org.springframework.cloud:spring-cloud-contract-verifier:3.0.1=testCompileClasspath,testRuntimeClasspath
org.springframework.cloud:spring-cloud-contract-wiremock:3.0.1=testCompileClasspath,testRuntimeClasspath
org.springframework.cloud:spring-cloud-function-compiler:3.0.6.RELEASE=testCompileClasspath,testRuntimeClasspath
org.springframework.cloud:spring-cloud-starter-contract-stub-runner:3.0.1=testCompileClasspath,testRuntimeClasspath
org.springframework.data:spring-data-commons:2.6.3=compileClasspath,runtimeClasspath,testCompileClasspath,testRuntimeClasspath
org.springframework.data:spring-data-jdbc:2.3.3=compileClasspath,runtimeClasspath,testCompileClasspath,testRuntimeClasspath
org.springframework.data:spring-data-relational:2.3.3=compileClasspath,runtimeClasspath,testCompileClasspath,testRuntimeClasspath
org.springframework.kafka:spring-kafka-test:2.8.4=testCompileClasspath,testRuntimeClasspath
org.springframework.kafka:spring-kafka:2.8.4=compileClasspath,runtimeClasspath,testCompileClasspath,testRuntimeClasspath
org.springframework.plugin:spring-plugin-core:1.2.0.RELEASE=compileClasspath,runtimeClasspath,testCompileClasspath,testRuntimeClasspath
org.springframework.plugin:spring-plugin-metadata:1.2.0.RELEASE=compileClasspath,runtimeClasspath,testCompileClasspath,testRuntimeClasspath
org.springframework.retry:spring-retry:1.3.2=compileClasspath,runtimeClasspath,testCompileClasspath,testRuntimeClasspath
org.springframework:spring-aop:5.3.18=compileClasspath,runtimeClasspath,testCompileClasspath,testRuntimeClasspath
org.springframework:spring-beans:5.3.18=compileClasspath,runtimeClasspath,testCompileClasspath,testRuntimeClasspath
org.springframework:spring-context-support:5.3.18=compileClasspath,runtimeClasspath,testCompileClasspath,testRuntimeClasspath
org.springframework:spring-context:5.3.18=compileClasspath,runtimeClasspath,testCompileClasspath,testRuntimeClasspath
org.springframework:spring-core:5.3.18=compileClasspath,runtimeClasspath,testCompileClasspath,testRuntimeClasspath
org.springframework:spring-expression:5.3.18=compileClasspath,runtimeClasspath,testCompileClasspath,testRuntimeClasspath
org.springframework:spring-jcl:5.3.18=compileClasspath,runtimeClasspath,testCompileClasspath,testRuntimeClasspath
org.springframework:spring-jdbc:5.3.18=compileClasspath,runtimeClasspath,testCompileClasspath,testRuntimeClasspath
org.springframework:spring-messaging:5.3.17=compileClasspath,runtimeClasspath,testCompileClasspath,testRuntimeClasspath
org.springframework:spring-test:5.3.18=testCompileClasspath,testRuntimeClasspath
org.springframework:spring-tx:5.3.18=compileClasspath,runtimeClasspath,testCompileClasspath,testRuntimeClasspath
org.springframework:spring-web:5.3.18=compileClasspath,runtimeClasspath,testCompileClasspath,testRuntimeClasspath
org.springframework:spring-webmvc:5.3.18=compileClasspath,runtimeClasspath,testCompileClasspath,testRuntimeClasspath
org.syslog4j:syslog4j:0.9.30=compileClasspath,runtimeClasspath,testCompileClasspath,testRuntimeClasspath
org.xerial.snappy:snappy-java:1.1.8.1=runtimeClasspath,testRuntimeClasspath
org.xmlunit:xmlunit-core:2.9.0=testCompileClasspath,testRuntimeClasspath
org.xmlunit:xmlunit-legacy:2.9.0=testCompileClasspath,testRuntimeClasspath
org.xmlunit:xmlunit-placeholders:2.9.0=testCompileClasspath,testRuntimeClasspath
org.yaml:snakeyaml:1.29=compileClasspath,runtimeClasspath
org.yaml:snakeyaml:1.30=testCompileClasspath,testRuntimeClasspath
wsdl4j:wsdl4j:1.6.3=compileClasspath,runtimeClasspath,testCompileClasspath,testRuntimeClasspath
xml-resolver:xml-resolver:1.2=compileClasspath,runtimeClasspath,testCompileClasspath,testRuntimeClasspath
empty=
